
Microsoft Visual Studio Solution File, Format Version 12.00
# Visual Studio 2013
VisualStudioVersion = 12.0.30501.0
MinimumVisualStudioVersion = 10.0.40219.1
Project("{FAE04EC0-301F-11D3-BF4B-00C04F79EFBC}") = "Eqstra.VehicleInspection", "Eqstra.VehicleInspection\Eqstra.VehicleInspection.csproj", "{8CAD1A1E-727E-49B9-A530-1B3A1F12E8F1}"
	ProjectSection(ProjectDependencies) = postProject
		{790AD967-F93D-402A-8857-E4C0B64D00E7} = {790AD967-F93D-402A-8857-E4C0B64D00E7}
		{76BE6C92-EBDD-45F0-89F1-8D32A2C816B2} = {76BE6C92-EBDD-45F0-89F1-8D32A2C816B2}
		{F71B8AC9-5305-402F-ADA8-C75FFE09EE24} = {F71B8AC9-5305-402F-ADA8-C75FFE09EE24}
	EndProjectSection
EndProject
Project("{FAE04EC0-301F-11D3-BF4B-00C04F79EFBC}") = "Eqstra.VehicleInspection.UILogic", "Eqstra.VehicleInspection.UILogic\Eqstra.VehicleInspection.UILogic.csproj", "{76BE6C92-EBDD-45F0-89F1-8D32A2C816B2}"
	ProjectSection(ProjectDependencies) = postProject
		{790AD967-F93D-402A-8857-E4C0B64D00E7} = {790AD967-F93D-402A-8857-E4C0B64D00E7}
	EndProjectSection
EndProject
Project("{FAE04EC0-301F-11D3-BF4B-00C04F79EFBC}") = "Eqstra.BusinessLogic", "Eqstra.BusinessLogic\Eqstra.BusinessLogic.csproj", "{790AD967-F93D-402A-8857-E4C0B64D00E7}"
EndProject
Project("{FAE04EC0-301F-11D3-BF4B-00C04F79EFBC}") = "Eqstra.ServiceScheduling", "Eqstra.ServiceScheduling\Eqstra.ServiceScheduling.csproj", "{1DCF6F96-5004-45F0-B422-302184AD60B9}"
	ProjectSection(ProjectDependencies) = postProject
		{4641B43D-AC24-4C3A-97E2-1DDE5950C0A2} = {4641B43D-AC24-4C3A-97E2-1DDE5950C0A2}
	EndProjectSection
EndProject
Project("{FAE04EC0-301F-11D3-BF4B-00C04F79EFBC}") = "Eqstra.ServiceScheduling.UILogic", "Eqstra.ServiceScheduling.UILogic\Eqstra.ServiceScheduling.UILogic.csproj", "{4641B43D-AC24-4C3A-97E2-1DDE5950C0A2}"
EndProject
Project("{FAE04EC0-301F-11D3-BF4B-00C04F79EFBC}") = "Eqstra.VehicleInspection.BackgroundTask", "Eqstra.VehicleInspection.BackgroundTask\Eqstra.VehicleInspection.BackgroundTask.csproj", "{F71B8AC9-5305-402F-ADA8-C75FFE09EE24}"
EndProject
Project("{FAE04EC0-301F-11D3-BF4B-00C04F79EFBC}") = "Eqstra.DocumentDelivery", "Eqstra.DocumentDelivery\Eqstra.DocumentDelivery.csproj", "{E1946A10-CD58-4AC4-9EB9-83E84784111C}"
	ProjectSection(ProjectDependencies) = postProject
		{A729BBB4-DBBB-46B0-9198-FB757B68AF3B} = {A729BBB4-DBBB-46B0-9198-FB757B68AF3B}
	EndProjectSection
EndProject
Project("{FAE04EC0-301F-11D3-BF4B-00C04F79EFBC}") = "Eqstra.DocumentDelivery.UILogic", "Eqstra.DocumentDelivery.UILogic\Eqstra.DocumentDelivery.UILogic.csproj", "{A729BBB4-DBBB-46B0-9198-FB757B68AF3B}"
EndProject
Project("{2150E333-8FDC-42A3-9474-1A3956D46DE8}") = ".nuget", ".nuget", "{5E32160B-EFE3-4249-9EF0-4F3480F4F792}"
	ProjectSection(SolutionItems) = preProject
		.nuget\NuGet.Config = .nuget\NuGet.Config
		.nuget\NuGet.exe = .nuget\NuGet.exe
		.nuget\NuGet.targets = .nuget\NuGet.targets
	EndProjectSection
EndProject
Global
	GlobalSection(SolutionConfigurationPlatforms) = preSolution
		Debug|Any CPU = Debug|Any CPU
		Debug|ARM = Debug|ARM
		Debug|x64 = Debug|x64
		Debug|x86 = Debug|x86
		Release|Any CPU = Release|Any CPU
		Release|ARM = Release|ARM
		Release|x64 = Release|x64
		Release|x86 = Release|x86
	EndGlobalSection
	GlobalSection(ProjectConfigurationPlatforms) = postSolution
		{8CAD1A1E-727E-49B9-A530-1B3A1F12E8F1}.Debug|Any CPU.ActiveCfg = Debug|Any CPU
		{8CAD1A1E-727E-49B9-A530-1B3A1F12E8F1}.Debug|Any CPU.Build.0 = Debug|Any CPU
		{8CAD1A1E-727E-49B9-A530-1B3A1F12E8F1}.Debug|Any CPU.Deploy.0 = Debug|Any CPU
		{8CAD1A1E-727E-49B9-A530-1B3A1F12E8F1}.Debug|ARM.ActiveCfg = Debug|ARM
		{8CAD1A1E-727E-49B9-A530-1B3A1F12E8F1}.Debug|ARM.Build.0 = Debug|ARM
		{8CAD1A1E-727E-49B9-A530-1B3A1F12E8F1}.Debug|ARM.Deploy.0 = Debug|ARM
		{8CAD1A1E-727E-49B9-A530-1B3A1F12E8F1}.Debug|x64.ActiveCfg = Debug|x64
		{8CAD1A1E-727E-49B9-A530-1B3A1F12E8F1}.Debug|x64.Build.0 = Debug|x64
		{8CAD1A1E-727E-49B9-A530-1B3A1F12E8F1}.Debug|x64.Deploy.0 = Debug|x64
		{8CAD1A1E-727E-49B9-A530-1B3A1F12E8F1}.Debug|x86.ActiveCfg = Debug|x86
		{8CAD1A1E-727E-49B9-A530-1B3A1F12E8F1}.Debug|x86.Build.0 = Debug|x86
		{8CAD1A1E-727E-49B9-A530-1B3A1F12E8F1}.Debug|x86.Deploy.0 = Debug|x86
		{8CAD1A1E-727E-49B9-A530-1B3A1F12E8F1}.Release|Any CPU.ActiveCfg = Release|Any CPU
		{8CAD1A1E-727E-49B9-A530-1B3A1F12E8F1}.Release|Any CPU.Build.0 = Release|Any CPU
		{8CAD1A1E-727E-49B9-A530-1B3A1F12E8F1}.Release|Any CPU.Deploy.0 = Release|Any CPU
		{8CAD1A1E-727E-49B9-A530-1B3A1F12E8F1}.Release|ARM.ActiveCfg = Release|ARM
		{8CAD1A1E-727E-49B9-A530-1B3A1F12E8F1}.Release|ARM.Build.0 = Release|ARM
		{8CAD1A1E-727E-49B9-A530-1B3A1F12E8F1}.Release|ARM.Deploy.0 = Release|ARM
		{8CAD1A1E-727E-49B9-A530-1B3A1F12E8F1}.Release|x64.ActiveCfg = Release|x64
		{8CAD1A1E-727E-49B9-A530-1B3A1F12E8F1}.Release|x64.Build.0 = Release|x64
		{8CAD1A1E-727E-49B9-A530-1B3A1F12E8F1}.Release|x64.Deploy.0 = Release|x64
		{8CAD1A1E-727E-49B9-A530-1B3A1F12E8F1}.Release|x86.ActiveCfg = Release|x86
		{8CAD1A1E-727E-49B9-A530-1B3A1F12E8F1}.Release|x86.Build.0 = Release|x86
		{8CAD1A1E-727E-49B9-A530-1B3A1F12E8F1}.Release|x86.Deploy.0 = Release|x86
		{76BE6C92-EBDD-45F0-89F1-8D32A2C816B2}.Debug|Any CPU.ActiveCfg = Debug|Any CPU
		{76BE6C92-EBDD-45F0-89F1-8D32A2C816B2}.Debug|Any CPU.Build.0 = Debug|Any CPU
		{76BE6C92-EBDD-45F0-89F1-8D32A2C816B2}.Debug|ARM.ActiveCfg = Debug|ARM
		{76BE6C92-EBDD-45F0-89F1-8D32A2C816B2}.Debug|ARM.Build.0 = Debug|ARM
		{76BE6C92-EBDD-45F0-89F1-8D32A2C816B2}.Debug|x64.ActiveCfg = Debug|x64
		{76BE6C92-EBDD-45F0-89F1-8D32A2C816B2}.Debug|x64.Build.0 = Debug|x64
		{76BE6C92-EBDD-45F0-89F1-8D32A2C816B2}.Debug|x86.ActiveCfg = Debug|x86
		{76BE6C92-EBDD-45F0-89F1-8D32A2C816B2}.Debug|x86.Build.0 = Debug|x86
		{76BE6C92-EBDD-45F0-89F1-8D32A2C816B2}.Release|Any CPU.ActiveCfg = Release|Any CPU
		{76BE6C92-EBDD-45F0-89F1-8D32A2C816B2}.Release|Any CPU.Build.0 = Release|Any CPU
		{76BE6C92-EBDD-45F0-89F1-8D32A2C816B2}.Release|ARM.ActiveCfg = Release|ARM
		{76BE6C92-EBDD-45F0-89F1-8D32A2C816B2}.Release|ARM.Build.0 = Release|ARM
		{76BE6C92-EBDD-45F0-89F1-8D32A2C816B2}.Release|x64.ActiveCfg = Release|x64
		{76BE6C92-EBDD-45F0-89F1-8D32A2C816B2}.Release|x64.Build.0 = Release|x64
		{76BE6C92-EBDD-45F0-89F1-8D32A2C816B2}.Release|x86.ActiveCfg = Release|x86
		{76BE6C92-EBDD-45F0-89F1-8D32A2C816B2}.Release|x86.Build.0 = Release|x86
		{790AD967-F93D-402A-8857-E4C0B64D00E7}.Debug|Any CPU.ActiveCfg = Debug|Any CPU
		{790AD967-F93D-402A-8857-E4C0B64D00E7}.Debug|Any CPU.Build.0 = Debug|Any CPU
		{790AD967-F93D-402A-8857-E4C0B64D00E7}.Debug|ARM.ActiveCfg = Debug|ARM
		{790AD967-F93D-402A-8857-E4C0B64D00E7}.Debug|ARM.Build.0 = Debug|ARM
		{790AD967-F93D-402A-8857-E4C0B64D00E7}.Debug|x64.ActiveCfg = Debug|x64
		{790AD967-F93D-402A-8857-E4C0B64D00E7}.Debug|x64.Build.0 = Debug|x64
		{790AD967-F93D-402A-8857-E4C0B64D00E7}.Debug|x86.ActiveCfg = Debug|x86
		{790AD967-F93D-402A-8857-E4C0B64D00E7}.Debug|x86.Build.0 = Debug|x86
		{790AD967-F93D-402A-8857-E4C0B64D00E7}.Release|Any CPU.ActiveCfg = Release|Any CPU
		{790AD967-F93D-402A-8857-E4C0B64D00E7}.Release|Any CPU.Build.0 = Release|Any CPU
		{790AD967-F93D-402A-8857-E4C0B64D00E7}.Release|ARM.ActiveCfg = Release|ARM
		{790AD967-F93D-402A-8857-E4C0B64D00E7}.Release|ARM.Build.0 = Release|ARM
		{790AD967-F93D-402A-8857-E4C0B64D00E7}.Release|x64.ActiveCfg = Release|x64
		{790AD967-F93D-402A-8857-E4C0B64D00E7}.Release|x64.Build.0 = Release|x64
		{790AD967-F93D-402A-8857-E4C0B64D00E7}.Release|x86.ActiveCfg = Release|x86
		{790AD967-F93D-402A-8857-E4C0B64D00E7}.Release|x86.Build.0 = Release|x86
		{1DCF6F96-5004-45F0-B422-302184AD60B9}.Debug|Any CPU.ActiveCfg = Debug|Any CPU
		{1DCF6F96-5004-45F0-B422-302184AD60B9}.Debug|Any CPU.Build.0 = Debug|Any CPU
		{1DCF6F96-5004-45F0-B422-302184AD60B9}.Debug|Any CPU.Deploy.0 = Debug|Any CPU
		{1DCF6F96-5004-45F0-B422-302184AD60B9}.Debug|ARM.ActiveCfg = Debug|ARM
		{1DCF6F96-5004-45F0-B422-302184AD60B9}.Debug|ARM.Build.0 = Debug|ARM
		{1DCF6F96-5004-45F0-B422-302184AD60B9}.Debug|ARM.Deploy.0 = Debug|ARM
		{1DCF6F96-5004-45F0-B422-302184AD60B9}.Debug|x64.ActiveCfg = Debug|x64
		{1DCF6F96-5004-45F0-B422-302184AD60B9}.Debug|x64.Build.0 = Debug|x64
		{1DCF6F96-5004-45F0-B422-302184AD60B9}.Debug|x64.Deploy.0 = Debug|x64
		{1DCF6F96-5004-45F0-B422-302184AD60B9}.Debug|x86.ActiveCfg = Debug|x86
		{1DCF6F96-5004-45F0-B422-302184AD60B9}.Debug|x86.Build.0 = Debug|x86
		{1DCF6F96-5004-45F0-B422-302184AD60B9}.Debug|x86.Deploy.0 = Debug|x86
		{1DCF6F96-5004-45F0-B422-302184AD60B9}.Release|Any CPU.ActiveCfg = Release|Any CPU
		{1DCF6F96-5004-45F0-B422-302184AD60B9}.Release|Any CPU.Build.0 = Release|Any CPU
		{1DCF6F96-5004-45F0-B422-302184AD60B9}.Release|Any CPU.Deploy.0 = Release|Any CPU
		{1DCF6F96-5004-45F0-B422-302184AD60B9}.Release|ARM.ActiveCfg = Release|ARM
		{1DCF6F96-5004-45F0-B422-302184AD60B9}.Release|ARM.Build.0 = Release|ARM
		{1DCF6F96-5004-45F0-B422-302184AD60B9}.Release|ARM.Deploy.0 = Release|ARM
		{1DCF6F96-5004-45F0-B422-302184AD60B9}.Release|x64.ActiveCfg = Release|x64
		{1DCF6F96-5004-45F0-B422-302184AD60B9}.Release|x64.Build.0 = Release|x64
		{1DCF6F96-5004-45F0-B422-302184AD60B9}.Release|x64.Deploy.0 = Release|x64
		{1DCF6F96-5004-45F0-B422-302184AD60B9}.Release|x86.ActiveCfg = Release|x86
		{1DCF6F96-5004-45F0-B422-302184AD60B9}.Release|x86.Build.0 = Release|x86
		{1DCF6F96-5004-45F0-B422-302184AD60B9}.Release|x86.Deploy.0 = Release|x86
		{4641B43D-AC24-4C3A-97E2-1DDE5950C0A2}.Debug|Any CPU.ActiveCfg = Debug|Any CPU
		{4641B43D-AC24-4C3A-97E2-1DDE5950C0A2}.Debug|Any CPU.Build.0 = Debug|Any CPU
		{4641B43D-AC24-4C3A-97E2-1DDE5950C0A2}.Debug|ARM.ActiveCfg = Debug|ARM
		{4641B43D-AC24-4C3A-97E2-1DDE5950C0A2}.Debug|ARM.Build.0 = Debug|ARM
		{4641B43D-AC24-4C3A-97E2-1DDE5950C0A2}.Debug|x64.ActiveCfg = Debug|x64
		{4641B43D-AC24-4C3A-97E2-1DDE5950C0A2}.Debug|x64.Build.0 = Debug|x64
		{4641B43D-AC24-4C3A-97E2-1DDE5950C0A2}.Debug|x86.ActiveCfg = Debug|x86
		{4641B43D-AC24-4C3A-97E2-1DDE5950C0A2}.Debug|x86.Build.0 = Debug|x86
		{4641B43D-AC24-4C3A-97E2-1DDE5950C0A2}.Release|Any CPU.ActiveCfg = Release|Any CPU
		{4641B43D-AC24-4C3A-97E2-1DDE5950C0A2}.Release|Any CPU.Build.0 = Release|Any CPU
		{4641B43D-AC24-4C3A-97E2-1DDE5950C0A2}.Release|ARM.ActiveCfg = Release|ARM
		{4641B43D-AC24-4C3A-97E2-1DDE5950C0A2}.Release|ARM.Build.0 = Release|ARM
		{4641B43D-AC24-4C3A-97E2-1DDE5950C0A2}.Release|x64.ActiveCfg = Release|x64
		{4641B43D-AC24-4C3A-97E2-1DDE5950C0A2}.Release|x64.Build.0 = Release|x64
		{4641B43D-AC24-4C3A-97E2-1DDE5950C0A2}.Release|x86.ActiveCfg = Release|x86
		{4641B43D-AC24-4C3A-97E2-1DDE5950C0A2}.Release|x86.Build.0 = Release|x86
		{F71B8AC9-5305-402F-ADA8-C75FFE09EE24}.Debug|Any CPU.ActiveCfg = Debug|Any CPU
		{F71B8AC9-5305-402F-ADA8-C75FFE09EE24}.Debug|Any CPU.Build.0 = Debug|Any CPU
		{F71B8AC9-5305-402F-ADA8-C75FFE09EE24}.Debug|ARM.ActiveCfg = Debug|ARM
		{F71B8AC9-5305-402F-ADA8-C75FFE09EE24}.Debug|ARM.Build.0 = Debug|ARM
		{F71B8AC9-5305-402F-ADA8-C75FFE09EE24}.Debug|x64.ActiveCfg = Debug|x64
		{F71B8AC9-5305-402F-ADA8-C75FFE09EE24}.Debug|x64.Build.0 = Debug|x64
		{F71B8AC9-5305-402F-ADA8-C75FFE09EE24}.Debug|x86.ActiveCfg = Debug|x86
		{F71B8AC9-5305-402F-ADA8-C75FFE09EE24}.Debug|x86.Build.0 = Debug|x86
		{F71B8AC9-5305-402F-ADA8-C75FFE09EE24}.Release|Any CPU.ActiveCfg = Release|Any CPU
		{F71B8AC9-5305-402F-ADA8-C75FFE09EE24}.Release|Any CPU.Build.0 = Release|Any CPU
		{F71B8AC9-5305-402F-ADA8-C75FFE09EE24}.Release|ARM.ActiveCfg = Release|ARM
		{F71B8AC9-5305-402F-ADA8-C75FFE09EE24}.Release|ARM.Build.0 = Release|ARM
		{F71B8AC9-5305-402F-ADA8-C75FFE09EE24}.Release|x64.ActiveCfg = Release|x64
		{F71B8AC9-5305-402F-ADA8-C75FFE09EE24}.Release|x64.Build.0 = Release|x64
		{F71B8AC9-5305-402F-ADA8-C75FFE09EE24}.Release|x86.ActiveCfg = Release|x86
		{F71B8AC9-5305-402F-ADA8-C75FFE09EE24}.Release|x86.Build.0 = Release|x86
		{E1946A10-CD58-4AC4-9EB9-83E84784111C}.Debug|Any CPU.ActiveCfg = Debug|Any CPU
		{E1946A10-CD58-4AC4-9EB9-83E84784111C}.Debug|Any CPU.Build.0 = Debug|Any CPU
		{E1946A10-CD58-4AC4-9EB9-83E84784111C}.Debug|Any CPU.Deploy.0 = Debug|Any CPU
		{E1946A10-CD58-4AC4-9EB9-83E84784111C}.Debug|ARM.ActiveCfg = Debug|ARM
		{E1946A10-CD58-4AC4-9EB9-83E84784111C}.Debug|ARM.Build.0 = Debug|ARM
		{E1946A10-CD58-4AC4-9EB9-83E84784111C}.Debug|ARM.Deploy.0 = Debug|ARM
		{E1946A10-CD58-4AC4-9EB9-83E84784111C}.Debug|x64.ActiveCfg = Debug|x64
		{E1946A10-CD58-4AC4-9EB9-83E84784111C}.Debug|x64.Build.0 = Debug|x64
		{E1946A10-CD58-4AC4-9EB9-83E84784111C}.Debug|x64.Deploy.0 = Debug|x64
		{E1946A10-CD58-4AC4-9EB9-83E84784111C}.Debug|x86.ActiveCfg = Debug|x86
		{E1946A10-CD58-4AC4-9EB9-83E84784111C}.Debug|x86.Build.0 = Debug|x86
		{E1946A10-CD58-4AC4-9EB9-83E84784111C}.Debug|x86.Deploy.0 = Debug|x86
		{E1946A10-CD58-4AC4-9EB9-83E84784111C}.Release|Any CPU.ActiveCfg = Release|Any CPU
		{E1946A10-CD58-4AC4-9EB9-83E84784111C}.Release|Any CPU.Build.0 = Release|Any CPU
		{E1946A10-CD58-4AC4-9EB9-83E84784111C}.Release|Any CPU.Deploy.0 = Release|Any CPU
		{E1946A10-CD58-4AC4-9EB9-83E84784111C}.Release|ARM.ActiveCfg = Release|ARM
		{E1946A10-CD58-4AC4-9EB9-83E84784111C}.Release|ARM.Build.0 = Release|ARM
		{E1946A10-CD58-4AC4-9EB9-83E84784111C}.Release|ARM.Deploy.0 = Release|ARM
		{E1946A10-CD58-4AC4-9EB9-83E84784111C}.Release|x64.ActiveCfg = Release|x64
		{E1946A10-CD58-4AC4-9EB9-83E84784111C}.Release|x64.Build.0 = Release|x64
		{E1946A10-CD58-4AC4-9EB9-83E84784111C}.Release|x64.Deploy.0 = Release|x64
		{E1946A10-CD58-4AC4-9EB9-83E84784111C}.Release|x86.ActiveCfg = Release|x86
		{E1946A10-CD58-4AC4-9EB9-83E84784111C}.Release|x86.Build.0 = Release|x86
		{E1946A10-CD58-4AC4-9EB9-83E84784111C}.Release|x86.Deploy.0 = Release|x86
		{A729BBB4-DBBB-46B0-9198-FB757B68AF3B}.Debug|Any CPU.ActiveCfg = Debug|Any CPU
		{A729BBB4-DBBB-46B0-9198-FB757B68AF3B}.Debug|Any CPU.Build.0 = Debug|Any CPU
		{A729BBB4-DBBB-46B0-9198-FB757B68AF3B}.Debug|ARM.ActiveCfg = Debug|ARM
		{A729BBB4-DBBB-46B0-9198-FB757B68AF3B}.Debug|ARM.Build.0 = Debug|ARM
		{A729BBB4-DBBB-46B0-9198-FB757B68AF3B}.Debug|x64.ActiveCfg = Debug|x64
		{A729BBB4-DBBB-46B0-9198-FB757B68AF3B}.Debug|x64.Build.0 = Debug|x64
		{A729BBB4-DBBB-46B0-9198-FB757B68AF3B}.Debug|x86.ActiveCfg = Debug|x86
		{A729BBB4-DBBB-46B0-9198-FB757B68AF3B}.Debug|x86.Build.0 = Debug|x86
		{A729BBB4-DBBB-46B0-9198-FB757B68AF3B}.Release|Any CPU.ActiveCfg = Release|Any CPU
		{A729BBB4-DBBB-46B0-9198-FB757B68AF3B}.Release|Any CPU.Build.0 = Release|Any CPU
		{A729BBB4-DBBB-46B0-9198-FB757B68AF3B}.Release|ARM.ActiveCfg = Release|ARM
		{A729BBB4-DBBB-46B0-9198-FB757B68AF3B}.Release|ARM.Build.0 = Release|ARM
		{A729BBB4-DBBB-46B0-9198-FB757B68AF3B}.Release|x64.ActiveCfg = Release|x64
		{A729BBB4-DBBB-46B0-9198-FB757B68AF3B}.Release|x64.Build.0 = Release|x64
		{A729BBB4-DBBB-46B0-9198-FB757B68AF3B}.Release|x86.ActiveCfg = Release|x86
		{A729BBB4-DBBB-46B0-9198-FB757B68AF3B}.Release|x86.Build.0 = Release|x86
	EndGlobalSection
	GlobalSection(SolutionProperties) = preSolution
		HideSolutionNode = FALSE
	EndGlobalSection
EndGlobal
